
Microsoft Visual Studio Solution File, Format Version 12.00
# Visual Studio Version 17
VisualStudioVersion = 17.9.34616.47
MinimumVisualStudioVersion = 10.0.40219.1
Project("{FAE04EC0-301F-11D3-BF4B-00C04F79EFBC}") = "SoundSphere.Api", "SoundSphere.Api\SoundSphere.Api.csproj", "{94F07253-160F-4437-9BF3-DF625503EF14}"
EndProject
Project("{FAE04EC0-301F-11D3-BF4B-00C04F79EFBC}") = "SoundSphere.Core", "SoundSphere.Core\SoundSphere.Core.csproj", "{8194CACB-11CD-4D57-8B13-4FAF24794731}"
EndProject
Project("{FAE04EC0-301F-11D3-BF4B-00C04F79EFBC}") = "SoundSphere.Database", "SoundSphere.Database\SoundSphere.Database.csproj", "{3B19AEB9-E9DB-4FDF-92C8-9C3FDB0513CA}"
EndProject
Project("{FAE04EC0-301F-11D3-BF4B-00C04F79EFBC}") = "SoundSphere.Infrastructure", "SoundSphere.Infrastructure\SoundSphere.Infrastructure.csproj", "{E265496D-DDE3-46E0-99DD-BFB4D11B3CC4}"
EndProject
Global
	GlobalSection(SolutionConfigurationPlatforms) = preSolution
		Debug|Any CPU = Debug|Any CPU
		Release|Any CPU = Release|Any CPU
	EndGlobalSection
	GlobalSection(ProjectConfigurationPlatforms) = postSolution
		{94F07253-160F-4437-9BF3-DF625503EF14}.Debug|Any CPU.ActiveCfg = Debug|Any CPU
		{94F07253-160F-4437-9BF3-DF625503EF14}.Debug|Any CPU.Build.0 = Debug|Any CPU
		{94F07253-160F-4437-9BF3-DF625503EF14}.Release|Any CPU.ActiveCfg = Release|Any CPU
		{94F07253-160F-4437-9BF3-DF625503EF14}.Release|Any CPU.Build.0 = Release|Any CPU
		{8194CACB-11CD-4D57-8B13-4FAF24794731}.Debug|Any CPU.ActiveCfg = Debug|Any CPU
		{8194CACB-11CD-4D57-8B13-4FAF24794731}.Debug|Any CPU.Build.0 = Debug|Any CPU
		{8194CACB-11CD-4D57-8B13-4FAF24794731}.Release|Any CPU.ActiveCfg = Release|Any CPU
		{8194CACB-11CD-4D57-8B13-4FAF24794731}.Release|Any CPU.Build.0 = Release|Any CPU
		{3B19AEB9-E9DB-4FDF-92C8-9C3FDB0513CA}.Debug|Any CPU.ActiveCfg = Debug|Any CPU
		{3B19AEB9-E9DB-4FDF-92C8-9C3FDB0513CA}.Debug|Any CPU.Build.0 = Debug|Any CPU
		{3B19AEB9-E9DB-4FDF-92C8-9C3FDB0513CA}.Release|Any CPU.ActiveCfg = Release|Any CPU
		{3B19AEB9-E9DB-4FDF-92C8-9C3FDB0513CA}.Release|Any CPU.Build.0 = Release|Any CPU
		{E265496D-DDE3-46E0-99DD-BFB4D11B3CC4}.Debug|Any CPU.ActiveCfg = Debug|Any CPU
		{E265496D-DDE3-46E0-99DD-BFB4D11B3CC4}.Debug|Any CPU.Build.0 = Debug|Any CPU
		{E265496D-DDE3-46E0-99DD-BFB4D11B3CC4}.Release|Any CPU.ActiveCfg = Release|Any CPU
		{E265496D-DDE3-46E0-99DD-BFB4D11B3CC4}.Release|Any CPU.Build.0 = Release|Any CPU
	EndGlobalSection
	GlobalSection(SolutionProperties) = preSolution
		HideSolutionNode = FALSE
	EndGlobalSection
	GlobalSection(ExtensibilityGlobals) = postSolution
		SolutionGuid = {6C71408C-0D36-4CDA-9267-CE0AFDD2331C}
	EndGlobalSection
EndGlobal
